
Microsoft Visual Studio Solution File, Format Version 12.00
# Visual Studio Version 16
VisualStudioVersion = 16.0.30621.155
MinimumVisualStudioVersion = 10.0.40219.1
Project("{9A19103F-16F7-4668-BE54-9A1E7A4F7556}") = "DIEGOYMIRIAM", "DIEGOYMIRIAM\DIEGOYMIRIAM.csproj", "{39DB64B7-0F4A-4578-BE0D-FD6896EB8562}"
EndProject
Project("{9A19103F-16F7-4668-BE54-9A1E7A4F7556}") = "Colores", "Colores\Colores.csproj", "{23A77847-5A28-4D9D-B2B2-CE64A9DC4E85}"
EndProject
Project("{FAE04EC0-301F-11D3-BF4B-00C04F79EFBC}") = "Piezas", "Piezas\Piezas.csproj", "{4DF5D0E4-06D8-4AE7-9A75-6A67C627D519}"
EndProject
Global
	GlobalSection(SolutionConfigurationPlatforms) = preSolution
		Debug|Any CPU = Debug|Any CPU
		Release|Any CPU = Release|Any CPU
	EndGlobalSection
	GlobalSection(ProjectConfigurationPlatforms) = postSolution
		{39DB64B7-0F4A-4578-BE0D-FD6896EB8562}.Debug|Any CPU.ActiveCfg = Debug|Any CPU
		{39DB64B7-0F4A-4578-BE0D-FD6896EB8562}.Debug|Any CPU.Build.0 = Debug|Any CPU
		{39DB64B7-0F4A-4578-BE0D-FD6896EB8562}.Release|Any CPU.ActiveCfg = Release|Any CPU
		{39DB64B7-0F4A-4578-BE0D-FD6896EB8562}.Release|Any CPU.Build.0 = Release|Any CPU
		{23A77847-5A28-4D9D-B2B2-CE64A9DC4E85}.Debug|Any CPU.ActiveCfg = Debug|Any CPU
		{23A77847-5A28-4D9D-B2B2-CE64A9DC4E85}.Debug|Any CPU.Build.0 = Debug|Any CPU
		{23A77847-5A28-4D9D-B2B2-CE64A9DC4E85}.Release|Any CPU.ActiveCfg = Release|Any CPU
		{23A77847-5A28-4D9D-B2B2-CE64A9DC4E85}.Release|Any CPU.Build.0 = Release|Any CPU
		{4DF5D0E4-06D8-4AE7-9A75-6A67C627D519}.Debug|Any CPU.ActiveCfg = Debug|Any CPU
		{4DF5D0E4-06D8-4AE7-9A75-6A67C627D519}.Debug|Any CPU.Build.0 = Debug|Any CPU
		{4DF5D0E4-06D8-4AE7-9A75-6A67C627D519}.Release|Any CPU.ActiveCfg = Release|Any CPU
		{4DF5D0E4-06D8-4AE7-9A75-6A67C627D519}.Release|Any CPU.Build.0 = Release|Any CPU
	EndGlobalSection
	GlobalSection(SolutionProperties) = preSolution
		HideSolutionNode = FALSE
	EndGlobalSection
	GlobalSection(ExtensibilityGlobals) = postSolution
		SolutionGuid = {8B062E2F-27FF-42DE-AB99-7AA474174C1F}
	EndGlobalSection
EndGlobal
